
Microsoft Visual Studio Solution File, Format Version 12.00
# Visual Studio Version 17
VisualStudioVersion = 17.9.34607.119
MinimumVisualStudioVersion = 10.0.40219.1
Project("{9A19103F-16F7-4668-BE54-9A1E7A4F7556}") = "TradeJournal.Domain", "TradeJournal.Domain\TradeJournal.Domain.csproj", "{B84DA229-9F67-4466-9A24-D7BFFBBCCCB2}"
EndProject
Project("{9A19103F-16F7-4668-BE54-9A1E7A4F7556}") = "TradeJournal.Infrastructure", "TradeJournal.Infrastructure\TradeJournal.Infrastructure.csproj", "{E97E9A85-2B5F-4068-B4A4-440C73A40179}"
EndProject
Project("{9A19103F-16F7-4668-BE54-9A1E7A4F7556}") = "TradeJournal.API", "TradeJournal.API\TradeJournal.API.csproj", "{7968E4DA-E086-4E41-8B35-148F7628C3F9}"
EndProject
Project("{2150E333-8FDC-42A3-9474-1A3956D46DE8}") = "src", "src", "{05D6E257-635C-482D-B9FF-7A0C9C340885}"
EndProject
Project("{2150E333-8FDC-42A3-9474-1A3956D46DE8}") = "test", "test", "{F7B5071D-B4F2-4DC6-B989-9379FC071EDB}"
EndProject
Project("{FAE04EC0-301F-11D3-BF4B-00C04F79EFBC}") = "TradeJournal.IntegrationTests", "TradeJournal.IntegrationTests\TradeJournal.IntegrationTests.csproj", "{05E33DC1-1287-4BB3-B183-BAD215797B34}"
EndProject
Global
	GlobalSection(SolutionConfigurationPlatforms) = preSolution
		Debug|Any CPU = Debug|Any CPU
		Release|Any CPU = Release|Any CPU
	EndGlobalSection
	GlobalSection(ProjectConfigurationPlatforms) = postSolution
		{B84DA229-9F67-4466-9A24-D7BFFBBCCCB2}.Debug|Any CPU.ActiveCfg = Debug|Any CPU
		{B84DA229-9F67-4466-9A24-D7BFFBBCCCB2}.Debug|Any CPU.Build.0 = Debug|Any CPU
		{B84DA229-9F67-4466-9A24-D7BFFBBCCCB2}.Release|Any CPU.ActiveCfg = Release|Any CPU
		{B84DA229-9F67-4466-9A24-D7BFFBBCCCB2}.Release|Any CPU.Build.0 = Release|Any CPU
		{E97E9A85-2B5F-4068-B4A4-440C73A40179}.Debug|Any CPU.ActiveCfg = Debug|Any CPU
		{E97E9A85-2B5F-4068-B4A4-440C73A40179}.Debug|Any CPU.Build.0 = Debug|Any CPU
		{E97E9A85-2B5F-4068-B4A4-440C73A40179}.Release|Any CPU.ActiveCfg = Release|Any CPU
		{E97E9A85-2B5F-4068-B4A4-440C73A40179}.Release|Any CPU.Build.0 = Release|Any CPU
		{7968E4DA-E086-4E41-8B35-148F7628C3F9}.Debug|Any CPU.ActiveCfg = Debug|Any CPU
		{7968E4DA-E086-4E41-8B35-148F7628C3F9}.Debug|Any CPU.Build.0 = Debug|Any CPU
		{7968E4DA-E086-4E41-8B35-148F7628C3F9}.Release|Any CPU.ActiveCfg = Release|Any CPU
		{7968E4DA-E086-4E41-8B35-148F7628C3F9}.Release|Any CPU.Build.0 = Release|Any CPU
		{05E33DC1-1287-4BB3-B183-BAD215797B34}.Debug|Any CPU.ActiveCfg = Debug|Any CPU
		{05E33DC1-1287-4BB3-B183-BAD215797B34}.Debug|Any CPU.Build.0 = Debug|Any CPU
		{05E33DC1-1287-4BB3-B183-BAD215797B34}.Release|Any CPU.ActiveCfg = Release|Any CPU
		{05E33DC1-1287-4BB3-B183-BAD215797B34}.Release|Any CPU.Build.0 = Release|Any CPU
	EndGlobalSection
	GlobalSection(SolutionProperties) = preSolution
		HideSolutionNode = FALSE
	EndGlobalSection
	GlobalSection(NestedProjects) = preSolution
		{B84DA229-9F67-4466-9A24-D7BFFBBCCCB2} = {05D6E257-635C-482D-B9FF-7A0C9C340885}
		{E97E9A85-2B5F-4068-B4A4-440C73A40179} = {05D6E257-635C-482D-B9FF-7A0C9C340885}
		{7968E4DA-E086-4E41-8B35-148F7628C3F9} = {05D6E257-635C-482D-B9FF-7A0C9C340885}
		{05E33DC1-1287-4BB3-B183-BAD215797B34} = {F7B5071D-B4F2-4DC6-B989-9379FC071EDB}
	EndGlobalSection
	GlobalSection(ExtensibilityGlobals) = postSolution
		SolutionGuid = {CB5B9BF1-F444-4613-8FBD-C359C0EC65AD}
	EndGlobalSection
EndGlobal
